
Microsoft Visual Studio Solution File, Format Version 12.00
# Visual Studio 15
VisualStudioVersion = 15.0.27004.2009
MinimumVisualStudioVersion = 10.0.40219.1
Project("{FAE04EC0-301F-11D3-BF4B-00C04F79EFBC}") = "Duality.Plugins.Pathfindax", "Duality.Plugins.Pathfindax\Duality.Plugins.Pathfindax.csproj", "{AFE883F3-72B4-4C7C-A1D1-44EDC09C8F6E}"
	ProjectSection(ProjectDependencies) = postProject
		{D4DFA287-B394-4D15-97E0-D2A0675D26A6} = {D4DFA287-B394-4D15-97E0-D2A0675D26A6}
	EndProjectSection
EndProject
Project("{FAE04EC0-301F-11D3-BF4B-00C04F79EFBC}") = "Pathfindax.Test", "Pathfindax.Test\Pathfindax.Test.csproj", "{2C152114-2BAD-4B2E-9B53-BB51E66AF9E6}"
	ProjectSection(ProjectDependencies) = postProject
		{D4DFA287-B394-4D15-97E0-D2A0675D26A6} = {D4DFA287-B394-4D15-97E0-D2A0675D26A6}
	EndProjectSection
EndProject
Project("{FAE04EC0-301F-11D3-BF4B-00C04F79EFBC}") = "Pathfindax", "Pathfindax\Pathfindax.csproj", "{D4DFA287-B394-4D15-97E0-D2A0675D26A6}"
EndProject
Project("{FAE04EC0-301F-11D3-BF4B-00C04F79EFBC}") = "Duality.Plugins.Pathfindax.Tilemaps", "Duality.Plugins.Pathfindax.Tilemaps\Duality.Plugins.Pathfindax.Tilemaps.csproj", "{AE16D0D3-A7CC-4132-BAA0-8A9B13F66E69}"
EndProject
Project("{FAE04EC0-301F-11D3-BF4B-00C04F79EFBC}") = "Duality.Plugins.Pathfindax.Examples", "Duality.Plugins.Pathfindax.Examples\Duality.Plugins.Pathfindax.Examples.csproj", "{47800ABA-D164-43D2-971E-FEC337FD2FCA}"
EndProject
Project("{FAE04EC0-301F-11D3-BF4B-00C04F79EFBC}") = "Duality.Plugins.Pathfindax.Tilemaps.Examples", "Duality.Plugins.Pathfindax.Tilemaps.Examples\Duality.Plugins.Pathfindax.Tilemaps.Examples.csproj", "{08559459-8E6A-4265-A95D-3E7DA3A83423}"
EndProject
Project("{FAE04EC0-301F-11D3-BF4B-00C04F79EFBC}") = "Pathfindax.Duality.Test", "Pathfindax.Duality.Test\Pathfindax.Duality.Test.csproj", "{810F944A-9441-413B-B512-313CE77F9FED}"
EndProject
Project("{7CF6DF6D-3B04-46F8-A40B-537D21BCA0B4}") = "Documentation", "Documentation\Documentation.shfbproj", "{DA511954-177F-4B53-B7B0-056F139013AF}"
	ProjectSection(ProjectDependencies) = postProject
		{D4DFA287-B394-4D15-97E0-D2A0675D26A6} = {D4DFA287-B394-4D15-97E0-D2A0675D26A6}
		{AE16D0D3-A7CC-4132-BAA0-8A9B13F66E69} = {AE16D0D3-A7CC-4132-BAA0-8A9B13F66E69}
		{AFE883F3-72B4-4C7C-A1D1-44EDC09C8F6E} = {AFE883F3-72B4-4C7C-A1D1-44EDC09C8F6E}
	EndProjectSection
EndProject
Project("{2150E333-8FDC-42A3-9474-1A3956D46DE8}") = "Tests", "Tests", "{AFC44DC1-306D-4BE6-9B18-8741D05F3677}"
EndProject
Project("{2150E333-8FDC-42A3-9474-1A3956D46DE8}") = "Examples", "Examples", "{DFCF0817-23D3-4368-8E14-8C442E05F401}"
EndProject
Project("{FAE04EC0-301F-11D3-BF4B-00C04F79EFBC}") = "Pathfindax.Example", "Pathfindax.Example\Pathfindax.Example.csproj", "{93F554F3-90E4-492A-BD23-E7387F9F7864}"
EndProject
Global
	GlobalSection(SolutionConfigurationPlatforms) = preSolution
		Benchmark|Any CPU = Benchmark|Any CPU
		Benchmark|x64 = Benchmark|x64
		Debug|Any CPU = Debug|Any CPU
		Debug|x64 = Debug|x64
		Release|Any CPU = Release|Any CPU
		Release|x64 = Release|x64
	EndGlobalSection
	GlobalSection(ProjectConfigurationPlatforms) = postSolution
		{AFE883F3-72B4-4C7C-A1D1-44EDC09C8F6E}.Benchmark|Any CPU.ActiveCfg = Benchmark|Any CPU
		{AFE883F3-72B4-4C7C-A1D1-44EDC09C8F6E}.Benchmark|Any CPU.Build.0 = Benchmark|Any CPU
		{AFE883F3-72B4-4C7C-A1D1-44EDC09C8F6E}.Benchmark|x64.ActiveCfg = Benchmark|x64
		{AFE883F3-72B4-4C7C-A1D1-44EDC09C8F6E}.Benchmark|x64.Build.0 = Benchmark|x64
		{AFE883F3-72B4-4C7C-A1D1-44EDC09C8F6E}.Debug|Any CPU.ActiveCfg = Debug|Any CPU
		{AFE883F3-72B4-4C7C-A1D1-44EDC09C8F6E}.Debug|Any CPU.Build.0 = Debug|Any CPU
		{AFE883F3-72B4-4C7C-A1D1-44EDC09C8F6E}.Debug|x64.ActiveCfg = Debug|x64
		{AFE883F3-72B4-4C7C-A1D1-44EDC09C8F6E}.Debug|x64.Build.0 = Debug|x64
		{AFE883F3-72B4-4C7C-A1D1-44EDC09C8F6E}.Release|Any CPU.ActiveCfg = Release|Any CPU
		{AFE883F3-72B4-4C7C-A1D1-44EDC09C8F6E}.Release|Any CPU.Build.0 = Release|Any CPU
		{AFE883F3-72B4-4C7C-A1D1-44EDC09C8F6E}.Release|x64.ActiveCfg = Release|x64
		{AFE883F3-72B4-4C7C-A1D1-44EDC09C8F6E}.Release|x64.Build.0 = Release|x64
		{2C152114-2BAD-4B2E-9B53-BB51E66AF9E6}.Benchmark|Any CPU.ActiveCfg = Benchmark|Any CPU
		{2C152114-2BAD-4B2E-9B53-BB51E66AF9E6}.Benchmark|Any CPU.Build.0 = Benchmark|Any CPU
		{2C152114-2BAD-4B2E-9B53-BB51E66AF9E6}.Benchmark|x64.ActiveCfg = Benchmark|x64
		{2C152114-2BAD-4B2E-9B53-BB51E66AF9E6}.Benchmark|x64.Build.0 = Benchmark|x64
		{2C152114-2BAD-4B2E-9B53-BB51E66AF9E6}.Debug|Any CPU.ActiveCfg = Debug|Any CPU
		{2C152114-2BAD-4B2E-9B53-BB51E66AF9E6}.Debug|Any CPU.Build.0 = Debug|Any CPU
		{2C152114-2BAD-4B2E-9B53-BB51E66AF9E6}.Debug|x64.ActiveCfg = Debug|x64
		{2C152114-2BAD-4B2E-9B53-BB51E66AF9E6}.Debug|x64.Build.0 = Debug|x64
		{2C152114-2BAD-4B2E-9B53-BB51E66AF9E6}.Release|Any CPU.ActiveCfg = Release|Any CPU
		{2C152114-2BAD-4B2E-9B53-BB51E66AF9E6}.Release|Any CPU.Build.0 = Release|Any CPU
		{2C152114-2BAD-4B2E-9B53-BB51E66AF9E6}.Release|x64.ActiveCfg = Release|x64
		{2C152114-2BAD-4B2E-9B53-BB51E66AF9E6}.Release|x64.Build.0 = Release|x64
		{D4DFA287-B394-4D15-97E0-D2A0675D26A6}.Benchmark|Any CPU.ActiveCfg = Benchmark|Any CPU
		{D4DFA287-B394-4D15-97E0-D2A0675D26A6}.Benchmark|Any CPU.Build.0 = Benchmark|Any CPU
		{D4DFA287-B394-4D15-97E0-D2A0675D26A6}.Benchmark|x64.ActiveCfg = Benchmark|x64
		{D4DFA287-B394-4D15-97E0-D2A0675D26A6}.Benchmark|x64.Build.0 = Benchmark|x64
		{D4DFA287-B394-4D15-97E0-D2A0675D26A6}.Debug|Any CPU.ActiveCfg = Debug|Any CPU
		{D4DFA287-B394-4D15-97E0-D2A0675D26A6}.Debug|Any CPU.Build.0 = Debug|Any CPU
		{D4DFA287-B394-4D15-97E0-D2A0675D26A6}.Debug|x64.ActiveCfg = Debug|x64
		{D4DFA287-B394-4D15-97E0-D2A0675D26A6}.Debug|x64.Build.0 = Debug|x64
		{D4DFA287-B394-4D15-97E0-D2A0675D26A6}.Release|Any CPU.ActiveCfg = Release|Any CPU
		{D4DFA287-B394-4D15-97E0-D2A0675D26A6}.Release|Any CPU.Build.0 = Release|Any CPU
		{D4DFA287-B394-4D15-97E0-D2A0675D26A6}.Release|x64.ActiveCfg = Release|x64
		{D4DFA287-B394-4D15-97E0-D2A0675D26A6}.Release|x64.Build.0 = Release|x64
		{AE16D0D3-A7CC-4132-BAA0-8A9B13F66E69}.Benchmark|Any CPU.ActiveCfg = Benchmark|Any CPU
		{AE16D0D3-A7CC-4132-BAA0-8A9B13F66E69}.Benchmark|Any CPU.Build.0 = Benchmark|Any CPU
		{AE16D0D3-A7CC-4132-BAA0-8A9B13F66E69}.Benchmark|x64.ActiveCfg = Benchmark|x64
		{AE16D0D3-A7CC-4132-BAA0-8A9B13F66E69}.Benchmark|x64.Build.0 = Benchmark|x64
		{AE16D0D3-A7CC-4132-BAA0-8A9B13F66E69}.Debug|Any CPU.ActiveCfg = Debug|Any CPU
		{AE16D0D3-A7CC-4132-BAA0-8A9B13F66E69}.Debug|Any CPU.Build.0 = Debug|Any CPU
		{AE16D0D3-A7CC-4132-BAA0-8A9B13F66E69}.Debug|x64.ActiveCfg = Debug|x64
		{AE16D0D3-A7CC-4132-BAA0-8A9B13F66E69}.Debug|x64.Build.0 = Debug|x64
		{AE16D0D3-A7CC-4132-BAA0-8A9B13F66E69}.Release|Any CPU.ActiveCfg = Release|Any CPU
		{AE16D0D3-A7CC-4132-BAA0-8A9B13F66E69}.Release|Any CPU.Build.0 = Release|Any CPU
		{AE16D0D3-A7CC-4132-BAA0-8A9B13F66E69}.Release|x64.ActiveCfg = Release|x64
		{AE16D0D3-A7CC-4132-BAA0-8A9B13F66E69}.Release|x64.Build.0 = Release|x64
		{47800ABA-D164-43D2-971E-FEC337FD2FCA}.Benchmark|Any CPU.ActiveCfg = Benchmark|Any CPU
		{47800ABA-D164-43D2-971E-FEC337FD2FCA}.Benchmark|Any CPU.Build.0 = Benchmark|Any CPU
		{47800ABA-D164-43D2-971E-FEC337FD2FCA}.Benchmark|x64.ActiveCfg = Benchmark|x64
		{47800ABA-D164-43D2-971E-FEC337FD2FCA}.Benchmark|x64.Build.0 = Benchmark|x64
		{47800ABA-D164-43D2-971E-FEC337FD2FCA}.Debug|Any CPU.ActiveCfg = Debug|Any CPU
		{47800ABA-D164-43D2-971E-FEC337FD2FCA}.Debug|Any CPU.Build.0 = Debug|Any CPU
		{47800ABA-D164-43D2-971E-FEC337FD2FCA}.Debug|x64.ActiveCfg = Debug|x64
		{47800ABA-D164-43D2-971E-FEC337FD2FCA}.Debug|x64.Build.0 = Debug|x64
		{47800ABA-D164-43D2-971E-FEC337FD2FCA}.Release|Any CPU.ActiveCfg = Release|Any CPU
		{47800ABA-D164-43D2-971E-FEC337FD2FCA}.Release|x64.ActiveCfg = Release|x64
		{47800ABA-D164-43D2-971E-FEC337FD2FCA}.Release|x64.Build.0 = Release|x64
		{08559459-8E6A-4265-A95D-3E7DA3A83423}.Benchmark|Any CPU.ActiveCfg = Benchmark|Any CPU
		{08559459-8E6A-4265-A95D-3E7DA3A83423}.Benchmark|Any CPU.Build.0 = Benchmark|Any CPU
		{08559459-8E6A-4265-A95D-3E7DA3A83423}.Benchmark|x64.ActiveCfg = Benchmark|x64
		{08559459-8E6A-4265-A95D-3E7DA3A83423}.Benchmark|x64.Build.0 = Benchmark|x64
		{08559459-8E6A-4265-A95D-3E7DA3A83423}.Debug|Any CPU.ActiveCfg = Debug|Any CPU
		{08559459-8E6A-4265-A95D-3E7DA3A83423}.Debug|Any CPU.Build.0 = Debug|Any CPU
		{08559459-8E6A-4265-A95D-3E7DA3A83423}.Debug|x64.ActiveCfg = Debug|x64
		{08559459-8E6A-4265-A95D-3E7DA3A83423}.Debug|x64.Build.0 = Debug|x64
		{08559459-8E6A-4265-A95D-3E7DA3A83423}.Release|Any CPU.ActiveCfg = Release|Any CPU
		{08559459-8E6A-4265-A95D-3E7DA3A83423}.Release|x64.ActiveCfg = Release|x64
		{08559459-8E6A-4265-A95D-3E7DA3A83423}.Release|x64.Build.0 = Release|x64
		{810F944A-9441-413B-B512-313CE77F9FED}.Benchmark|Any CPU.ActiveCfg = Benchmark|Any CPU
		{810F944A-9441-413B-B512-313CE77F9FED}.Benchmark|Any CPU.Build.0 = Benchmark|Any CPU
		{810F944A-9441-413B-B512-313CE77F9FED}.Benchmark|x64.ActiveCfg = Benchmark|x64
		{810F944A-9441-413B-B512-313CE77F9FED}.Benchmark|x64.Build.0 = Benchmark|x64
		{810F944A-9441-413B-B512-313CE77F9FED}.Debug|Any CPU.ActiveCfg = Debug|Any CPU
		{810F944A-9441-413B-B512-313CE77F9FED}.Debug|Any CPU.Build.0 = Debug|Any CPU
		{810F944A-9441-413B-B512-313CE77F9FED}.Debug|x64.ActiveCfg = Debug|x64
		{810F944A-9441-413B-B512-313CE77F9FED}.Debug|x64.Build.0 = Debug|x64
		{810F944A-9441-413B-B512-313CE77F9FED}.Release|Any CPU.ActiveCfg = Release|Any CPU
		{810F944A-9441-413B-B512-313CE77F9FED}.Release|Any CPU.Build.0 = Release|Any CPU
		{810F944A-9441-413B-B512-313CE77F9FED}.Release|x64.ActiveCfg = Release|x64
		{810F944A-9441-413B-B512-313CE77F9FED}.Release|x64.Build.0 = Release|x64
		{DA511954-177F-4B53-B7B0-056F139013AF}.Benchmark|Any CPU.ActiveCfg = Release|Any CPU
		{DA511954-177F-4B53-B7B0-056F139013AF}.Benchmark|x64.ActiveCfg = Release|Any CPU
		{DA511954-177F-4B53-B7B0-056F139013AF}.Debug|Any CPU.ActiveCfg = Debug|Any CPU
		{DA511954-177F-4B53-B7B0-056F139013AF}.Debug|x64.ActiveCfg = Debug|Any CPU
		{DA511954-177F-4B53-B7B0-056F139013AF}.Debug|x64.Build.0 = Debug|Any CPU
		{DA511954-177F-4B53-B7B0-056F139013AF}.Release|Any CPU.ActiveCfg = Release|Any CPU
		{DA511954-177F-4B53-B7B0-056F139013AF}.Release|x64.ActiveCfg = Release|Any CPU
		{DA511954-177F-4B53-B7B0-056F139013AF}.Release|x64.Build.0 = Release|Any CPU
		{93F554F3-90E4-492A-BD23-E7387F9F7864}.Benchmark|Any CPU.ActiveCfg = Release|Any CPU
		{93F554F3-90E4-492A-BD23-E7387F9F7864}.Benchmark|Any CPU.Build.0 = Release|Any CPU
		{93F554F3-90E4-492A-BD23-E7387F9F7864}.Benchmark|x64.ActiveCfg = Release|Any CPU
		{93F554F3-90E4-492A-BD23-E7387F9F7864}.Benchmark|x64.Build.0 = Release|Any CPU
		{93F554F3-90E4-492A-BD23-E7387F9F7864}.Debug|Any CPU.ActiveCfg = Debug|Any CPU
		{93F554F3-90E4-492A-BD23-E7387F9F7864}.Debug|Any CPU.Build.0 = Debug|Any CPU
		{93F554F3-90E4-492A-BD23-E7387F9F7864}.Debug|x64.ActiveCfg = Debug|Any CPU
		{93F554F3-90E4-492A-BD23-E7387F9F7864}.Debug|x64.Build.0 = Debug|Any CPU
		{93F554F3-90E4-492A-BD23-E7387F9F7864}.Release|Any CPU.ActiveCfg = Release|Any CPU
		{93F554F3-90E4-492A-BD23-E7387F9F7864}.Release|Any CPU.Build.0 = Release|Any CPU
		{93F554F3-90E4-492A-BD23-E7387F9F7864}.Release|x64.ActiveCfg = Release|Any CPU
		{93F554F3-90E4-492A-BD23-E7387F9F7864}.Release|x64.Build.0 = Release|Any CPU
	EndGlobalSection
	GlobalSection(SolutionProperties) = preSolution
		HideSolutionNode = FALSE
	EndGlobalSection
	GlobalSection(NestedProjects) = preSolution
		{2C152114-2BAD-4B2E-9B53-BB51E66AF9E6} = {AFC44DC1-306D-4BE6-9B18-8741D05F3677}
		{47800ABA-D164-43D2-971E-FEC337FD2FCA} = {DFCF0817-23D3-4368-8E14-8C442E05F401}
		{08559459-8E6A-4265-A95D-3E7DA3A83423} = {DFCF0817-23D3-4368-8E14-8C442E05F401}
		{810F944A-9441-413B-B512-313CE77F9FED} = {AFC44DC1-306D-4BE6-9B18-8741D05F3677}
		{93F554F3-90E4-492A-BD23-E7387F9F7864} = {DFCF0817-23D3-4368-8E14-8C442E05F401}
	EndGlobalSection
	GlobalSection(ExtensibilityGlobals) = postSolution
		SolutionGuid = {4CD8AF15-7F0F-43A9-B238-8A102A8D7151}
	EndGlobalSection
EndGlobal
